
Microsoft Visual Studio Solution File, Format Version 12.00
# Visual Studio Version 16
VisualStudioVersion = 16.0.32630.194
MinimumVisualStudioVersion = 10.0.40219.1
Project("{FAE04EC0-301F-11D3-BF4B-00C04F79EFBC}") = "Multiplicaciones", "Multiplicaciones\Multiplicaciones.csproj", "{0B2FA503-B62C-4857-82D7-15ED57B13748}"
EndProject
Global
	GlobalSection(SolutionConfigurationPlatforms) = preSolution
		Debug|Any CPU = Debug|Any CPU
		Release|Any CPU = Release|Any CPU
	EndGlobalSection
	GlobalSection(ProjectConfigurationPlatforms) = postSolution
		{0B2FA503-B62C-4857-82D7-15ED57B13748}.Debug|Any CPU.ActiveCfg = Debug|Any CPU
		{0B2FA503-B62C-4857-82D7-15ED57B13748}.Debug|Any CPU.Build.0 = Debug|Any CPU
		{0B2FA503-B62C-4857-82D7-15ED57B13748}.Release|Any CPU.ActiveCfg = Release|Any CPU
		{0B2FA503-B62C-4857-82D7-15ED57B13748}.Release|Any CPU.Build.0 = Release|Any CPU
	EndGlobalSection
	GlobalSection(SolutionProperties) = preSolution
		HideSolutionNode = FALSE
	EndGlobalSection
	GlobalSection(ExtensibilityGlobals) = postSolution
		SolutionGuid = {42D616DD-A279-4B57-87CD-7B99D4F1C807}
	EndGlobalSection
EndGlobal
